
Microsoft Visual Studio Solution File, Format Version 12.00
# Visual Studio Version 16
VisualStudioVersion = 16.0.31410.357
MinimumVisualStudioVersion = 10.0.40219.1
Project("{9A19103F-16F7-4668-BE54-9A1E7A4F7556}") = "GrandiProject", "GrandiProject\GrandiProject.csproj", "{CE8FB6BB-FFDD-44D3-8EA5-DCB6C83E90E9}"
EndProject
Project("{FAE04EC0-301F-11D3-BF4B-00C04F79EFBC}") = "UnitTest", "UnitTest\UnitTest.csproj", "{27E15765-E8B4-402E-89C2-50F690143859}"
EndProject
Global
	GlobalSection(SolutionConfigurationPlatforms) = preSolution
		Debug|Any CPU = Debug|Any CPU
		Release|Any CPU = Release|Any CPU
	EndGlobalSection
	GlobalSection(ProjectConfigurationPlatforms) = postSolution
		{CE8FB6BB-FFDD-44D3-8EA5-DCB6C83E90E9}.Debug|Any CPU.ActiveCfg = Debug|Any CPU
		{CE8FB6BB-FFDD-44D3-8EA5-DCB6C83E90E9}.Debug|Any CPU.Build.0 = Debug|Any CPU
		{CE8FB6BB-FFDD-44D3-8EA5-DCB6C83E90E9}.Release|Any CPU.ActiveCfg = Release|Any CPU
		{CE8FB6BB-FFDD-44D3-8EA5-DCB6C83E90E9}.Release|Any CPU.Build.0 = Release|Any CPU
		{27E15765-E8B4-402E-89C2-50F690143859}.Debug|Any CPU.ActiveCfg = Debug|Any CPU
		{27E15765-E8B4-402E-89C2-50F690143859}.Debug|Any CPU.Build.0 = Debug|Any CPU
		{27E15765-E8B4-402E-89C2-50F690143859}.Release|Any CPU.ActiveCfg = Release|Any CPU
		{27E15765-E8B4-402E-89C2-50F690143859}.Release|Any CPU.Build.0 = Release|Any CPU
	EndGlobalSection
	GlobalSection(SolutionProperties) = preSolution
		HideSolutionNode = FALSE
	EndGlobalSection
	GlobalSection(ExtensibilityGlobals) = postSolution
		SolutionGuid = {691EDB56-D634-424B-8A2D-57783CDE13B5}
	EndGlobalSection
EndGlobal
